Microsoft Visual Studio Solution File, Format Version 12.00
# Visual Studio Version 17
VisualStudioVersion = 17.5.2.0
MinimumVisualStudioVersion = 10.0.40219.1
Project("{FAE04EC0-301F-11D3-BF4B-00C04F79EFBC}") = "AutoMapperMvcExample", "AutoMapperMvcExample\AutoMapperMvcExample.csproj", "{C6491F03-E82B-EC14-6BEB-A690C1FD58DE}"
EndProject
Global
	GlobalSection(SolutionConfigurationPlatforms) = preSolution
		Debug|Any CPU = Debug|Any CPU
		Release|Any CPU = Release|Any CPU
	EndGlobalSection
	GlobalSection(ProjectConfigurationPlatforms) = postSolution
		{C6491F03-E82B-EC14-6BEB-A690C1FD58DE}.Debug|Any CPU.ActiveCfg = Debug|Any CPU
		{C6491F03-E82B-EC14-6BEB-A690C1FD58DE}.Debug|Any CPU.Build.0 = Debug|Any CPU
		{C6491F03-E82B-EC14-6BEB-A690C1FD58DE}.Release|Any CPU.ActiveCfg = Release|Any CPU
		{C6491F03-E82B-EC14-6BEB-A690C1FD58DE}.Release|Any CPU.Build.0 = Release|Any CPU
	EndGlobalSection
	GlobalSection(SolutionProperties) = preSolution
		HideSolutionNode = FALSE
	EndGlobalSection
	GlobalSection(ExtensibilityGlobals) = postSolution
		SolutionGuid = {91B811E5-0EBB-41A5-9459-00CEE4938EF3}
	EndGlobalSection
EndGlobal
