Microsoft Visual Studio Solution File, Format Version 12.00
# Visual Studio Version 17
VisualStudioVersion = 17.5.2.0
MinimumVisualStudioVersion = 10.0.40219.1
Project("{FAE04EC0-301F-11D3-BF4B-00C04F79EFBC}") = "AsyncMethod", "AsyncMethod\AsyncMethod.csproj", "{201067BA-D40F-72A2-FDFA-878742D1C217}"
EndProject
Global
	GlobalSection(SolutionConfigurationPlatforms) = preSolution
		Debug|Any CPU = Debug|Any CPU
		Release|Any CPU = Release|Any CPU
	EndGlobalSection
	GlobalSection(ProjectConfigurationPlatforms) = postSolution
		{201067BA-D40F-72A2-FDFA-878742D1C217}.Debug|Any CPU.ActiveCfg = Debug|Any CPU
		{201067BA-D40F-72A2-FDFA-878742D1C217}.Debug|Any CPU.Build.0 = Debug|Any CPU
		{201067BA-D40F-72A2-FDFA-878742D1C217}.Release|Any CPU.ActiveCfg = Release|Any CPU
		{201067BA-D40F-72A2-FDFA-878742D1C217}.Release|Any CPU.Build.0 = Release|Any CPU
	EndGlobalSection
	GlobalSection(SolutionProperties) = preSolution
		HideSolutionNode = FALSE
	EndGlobalSection
	GlobalSection(ExtensibilityGlobals) = postSolution
		SolutionGuid = {C534A0D2-B0F5-4651-ABC0-532D20A5A8A9}
	EndGlobalSection
EndGlobal
