Microsoft Visual Studio Solution File, Format Version 12.00
# Visual Studio Version 17
VisualStudioVersion = 17.5.2.0
MinimumVisualStudioVersion = 10.0.40219.1
Project("{FAE04EC0-301F-11D3-BF4B-00C04F79EFBC}") = "7_kun", "7_kun.csproj", "{2BB2FFC5-5F70-856F-B0A1-E8D03146FBBE}"
EndProject
Global
	GlobalSection(SolutionConfigurationPlatforms) = preSolution
		Debug|Any CPU = Debug|Any CPU
		Release|Any CPU = Release|Any CPU
	EndGlobalSection
	GlobalSection(ProjectConfigurationPlatforms) = postSolution
		{2BB2FFC5-5F70-856F-B0A1-E8D03146FBBE}.Debug|Any CPU.ActiveCfg = Debug|Any CPU
		{2BB2FFC5-5F70-856F-B0A1-E8D03146FBBE}.Debug|Any CPU.Build.0 = Debug|Any CPU
		{2BB2FFC5-5F70-856F-B0A1-E8D03146FBBE}.Release|Any CPU.ActiveCfg = Release|Any CPU
		{2BB2FFC5-5F70-856F-B0A1-E8D03146FBBE}.Release|Any CPU.Build.0 = Release|Any CPU
	EndGlobalSection
	GlobalSection(SolutionProperties) = preSolution
		HideSolutionNode = FALSE
	EndGlobalSection
	GlobalSection(ExtensibilityGlobals) = postSolution
		SolutionGuid = {CBE03955-56F1-4F9B-8381-68FF70FF5F9F}
	EndGlobalSection
EndGlobal
