Microsoft Visual Studio Solution File, Format Version 12.00
# Visual Studio Version 17
VisualStudioVersion = 17.5.2.0
MinimumVisualStudioVersion = 10.0.40219.1
Project("{FAE04EC0-301F-11D3-BF4B-00C04F79EFBC}") = "10_kun", "10_kun.csproj", "{57558B4D-46C5-82C1-4663-3590705C7559}"
EndProject
Global
	GlobalSection(SolutionConfigurationPlatforms) = preSolution
		Debug|Any CPU = Debug|Any CPU
		Release|Any CPU = Release|Any CPU
	EndGlobalSection
	GlobalSection(ProjectConfigurationPlatforms) = postSolution
		{57558B4D-46C5-82C1-4663-3590705C7559}.Debug|Any CPU.ActiveCfg = Debug|Any CPU
		{57558B4D-46C5-82C1-4663-3590705C7559}.Debug|Any CPU.Build.0 = Debug|Any CPU
		{57558B4D-46C5-82C1-4663-3590705C7559}.Release|Any CPU.ActiveCfg = Release|Any CPU
		{57558B4D-46C5-82C1-4663-3590705C7559}.Release|Any CPU.Build.0 = Release|Any CPU
	EndGlobalSection
	GlobalSection(SolutionProperties) = preSolution
		HideSolutionNode = FALSE
	EndGlobalSection
	GlobalSection(ExtensibilityGlobals) = postSolution
		SolutionGuid = {DC85FC92-3A10-4236-8293-DC0BA4B7CA09}
	EndGlobalSection
EndGlobal
