Microsoft Visual Studio Solution File, Format Version 12.00
# Visual Studio Version 17
VisualStudioVersion = 17.5.2.0
MinimumVisualStudioVersion = 10.0.40219.1
Project("{FAE04EC0-301F-11D3-BF4B-00C04F79EFBC}") = "MeningLoyiham", "MeningLoyiham\MeningLoyiham.csproj", "{D2172A08-D39F-A1E2-4331-7DC60B4A7C8D}"
EndProject
Global
	GlobalSection(SolutionConfigurationPlatforms) = preSolution
		Debug|Any CPU = Debug|Any CPU
		Release|Any CPU = Release|Any CPU
	EndGlobalSection
	GlobalSection(ProjectConfigurationPlatforms) = postSolution
		{D2172A08-D39F-A1E2-4331-7DC60B4A7C8D}.Debug|Any CPU.ActiveCfg = Debug|Any CPU
		{D2172A08-D39F-A1E2-4331-7DC60B4A7C8D}.Debug|Any CPU.Build.0 = Debug|Any CPU
		{D2172A08-D39F-A1E2-4331-7DC60B4A7C8D}.Release|Any CPU.ActiveCfg = Release|Any CPU
		{D2172A08-D39F-A1E2-4331-7DC60B4A7C8D}.Release|Any CPU.Build.0 = Release|Any CPU
	EndGlobalSection
	GlobalSection(SolutionProperties) = preSolution
		HideSolutionNode = FALSE
	EndGlobalSection
	GlobalSection(ExtensibilityGlobals) = postSolution
		SolutionGuid = {ED0B901C-518D-4448-8155-801C9DCB8DA2}
	EndGlobalSection
EndGlobal
