
Microsoft Visual Studio Solution File, Format Version 12.00
Project("{FAE04EC0-301F-11D3-BF4B-00C04F79EFBC}") = "WebApplication", "WebApplication\WebApplication.csproj", "{7099F01B-8134-42DF-9EA7-434E3D3CC88A}"
EndProject
Global
	GlobalSection(SolutionConfigurationPlatforms) = preSolution
		Debug|Any CPU = Debug|Any CPU
		Release|Any CPU = Release|Any CPU
	EndGlobalSection
	GlobalSection(ProjectConfigurationPlatforms) = postSolution
		{7099F01B-8134-42DF-9EA7-434E3D3CC88A}.Debug|Any CPU.ActiveCfg = Debug|Any CPU
		{7099F01B-8134-42DF-9EA7-434E3D3CC88A}.Debug|Any CPU.Build.0 = Debug|Any CPU
		{7099F01B-8134-42DF-9EA7-434E3D3CC88A}.Release|Any CPU.ActiveCfg = Release|Any CPU
		{7099F01B-8134-42DF-9EA7-434E3D3CC88A}.Release|Any CPU.Build.0 = Release|Any CPU
	EndGlobalSection
EndGlobal
