Microsoft Visual Studio Solution File, Format Version 12.00
# Visual Studio Version 17
VisualStudioVersion = 17.5.2.0
MinimumVisualStudioVersion = 10.0.40219.1
Project("{FAE04EC0-301F-11D3-BF4B-00C04F79EFBC}") = "2_kun", "2_kun.csproj", "{7B6ADA15-BDBE-2C98-826F-05791759A347}"
EndProject
Global
	GlobalSection(SolutionConfigurationPlatforms) = preSolution
		Debug|Any CPU = Debug|Any CPU
		Release|Any CPU = Release|Any CPU
	EndGlobalSection
	GlobalSection(ProjectConfigurationPlatforms) = postSolution
		{7B6ADA15-BDBE-2C98-826F-05791759A347}.Debug|Any CPU.ActiveCfg = Debug|Any CPU
		{7B6ADA15-BDBE-2C98-826F-05791759A347}.Debug|Any CPU.Build.0 = Debug|Any CPU
		{7B6ADA15-BDBE-2C98-826F-05791759A347}.Release|Any CPU.ActiveCfg = Release|Any CPU
		{7B6ADA15-BDBE-2C98-826F-05791759A347}.Release|Any CPU.Build.0 = Release|Any CPU
	EndGlobalSection
	GlobalSection(SolutionProperties) = preSolution
		HideSolutionNode = FALSE
	EndGlobalSection
	GlobalSection(ExtensibilityGlobals) = postSolution
		SolutionGuid = {C3713CFD-9BED-4635-9B14-8AABDED4115A}
	EndGlobalSection
EndGlobal
