Microsoft Visual Studio Solution File, Format Version 12.00
# Visual Studio Version 17
VisualStudioVersion = 17.5.2.0
MinimumVisualStudioVersion = 10.0.40219.1
Project("{FAE04EC0-301F-11D3-BF4B-00C04F79EFBC}") = "1_kun", "1_kun.csproj", "{22BE4E8F-9E2D-515F-B082-FAC0614F1365}"
EndProject
Global
	GlobalSection(SolutionConfigurationPlatforms) = preSolution
		Debug|Any CPU = Debug|Any CPU
		Release|Any CPU = Release|Any CPU
	EndGlobalSection
	GlobalSection(ProjectConfigurationPlatforms) = postSolution
		{22BE4E8F-9E2D-515F-B082-FAC0614F1365}.Debug|Any CPU.ActiveCfg = Debug|Any CPU
		{22BE4E8F-9E2D-515F-B082-FAC0614F1365}.Debug|Any CPU.Build.0 = Debug|Any CPU
		{22BE4E8F-9E2D-515F-B082-FAC0614F1365}.Release|Any CPU.ActiveCfg = Release|Any CPU
		{22BE4E8F-9E2D-515F-B082-FAC0614F1365}.Release|Any CPU.Build.0 = Release|Any CPU
	EndGlobalSection
	GlobalSection(SolutionProperties) = preSolution
		HideSolutionNode = FALSE
	EndGlobalSection
	GlobalSection(ExtensibilityGlobals) = postSolution
		SolutionGuid = {F8F00BC7-8AD2-4FA1-980D-90ECB17416F5}
	EndGlobalSection
EndGlobal
